
Microsoft Visual Studio Solution File, Format Version 12.00
# Visual Studio Version 17
VisualStudioVersion = 17.10.35013.160
MinimumVisualStudioVersion = 10.0.40219.1
Project("{FAE04EC0-301F-11D3-BF4B-00C04F79EFBC}") = "InvoiceService", "InvoiceService\InvoiceService.csproj", "{3E6C7F2E-2C2A-41DE-93B1-44EA0643E352}"
EndProject
Global
	GlobalSection(SolutionConfigurationPlatforms) = preSolution
		Debug|Any CPU = Debug|Any CPU
		Release|Any CPU = Release|Any CPU
	EndGlobalSection
	GlobalSection(ProjectConfigurationPlatforms) = postSolution
		{3E6C7F2E-2C2A-41DE-93B1-44EA0643E352}.Debug|Any CPU.ActiveCfg = Debug|Any CPU
		{3E6C7F2E-2C2A-41DE-93B1-44EA0643E352}.Debug|Any CPU.Build.0 = Debug|Any CPU
		{3E6C7F2E-2C2A-41DE-93B1-44EA0643E352}.Release|Any CPU.ActiveCfg = Release|Any CPU
		{3E6C7F2E-2C2A-41DE-93B1-44EA0643E352}.Release|Any CPU.Build.0 = Release|Any CPU
	EndGlobalSection
	GlobalSection(SolutionProperties) = preSolution
		HideSolutionNode = FALSE
	EndGlobalSection
	GlobalSection(ExtensibilityGlobals) = postSolution
		SolutionGuid = {AB20746A-6133-4F41-8EBB-DFAD24210065}
	EndGlobalSection
EndGlobal
