
Microsoft Visual Studio Solution File, Format Version 12.00
# Visual Studio Version 17
VisualStudioVersion = 17.10.35013.160
MinimumVisualStudioVersion = 10.0.40219.1
Project("{FAE04EC0-301F-11D3-BF4B-00C04F79EFBC}") = "OrderService", "OrderService\OrderService.csproj", "{4C127EF8-4647-43F5-92EE-90F4B0B5EE62}"
EndProject
Global
	GlobalSection(SolutionConfigurationPlatforms) = preSolution
		Debug|Any CPU = Debug|Any CPU
		Release|Any CPU = Release|Any CPU
	EndGlobalSection
	GlobalSection(ProjectConfigurationPlatforms) = postSolution
		{4C127EF8-4647-43F5-92EE-90F4B0B5EE62}.Debug|Any CPU.ActiveCfg = Debug|Any CPU
		{4C127EF8-4647-43F5-92EE-90F4B0B5EE62}.Debug|Any CPU.Build.0 = Debug|Any CPU
		{4C127EF8-4647-43F5-92EE-90F4B0B5EE62}.Release|Any CPU.ActiveCfg = Release|Any CPU
		{4C127EF8-4647-43F5-92EE-90F4B0B5EE62}.Release|Any CPU.Build.0 = Release|Any CPU
	EndGlobalSection
	GlobalSection(SolutionProperties) = preSolution
		HideSolutionNode = FALSE
	EndGlobalSection
	GlobalSection(ExtensibilityGlobals) = postSolution
		SolutionGuid = {FFCAC567-2091-499A-85D4-F300FE790801}
	EndGlobalSection
EndGlobal
