
Microsoft Visual Studio Solution File, Format Version 12.00
# Visual Studio Version 17
VisualStudioVersion = 17.10.35013.160
MinimumVisualStudioVersion = 10.0.40219.1
Project("{FAE04EC0-301F-11D3-BF4B-00C04F79EFBC}") = "NotificationService", "NotificationService\NotificationService.csproj", "{AB5EE3EC-5A81-453C-9175-43B408C33135}"
EndProject
Global
	GlobalSection(SolutionConfigurationPlatforms) = preSolution
		Debug|Any CPU = Debug|Any CPU
		Release|Any CPU = Release|Any CPU
	EndGlobalSection
	GlobalSection(ProjectConfigurationPlatforms) = postSolution
		{AB5EE3EC-5A81-453C-9175-43B408C33135}.Debug|Any CPU.ActiveCfg = Debug|Any CPU
		{AB5EE3EC-5A81-453C-9175-43B408C33135}.Debug|Any CPU.Build.0 = Debug|Any CPU
		{AB5EE3EC-5A81-453C-9175-43B408C33135}.Release|Any CPU.ActiveCfg = Release|Any CPU
		{AB5EE3EC-5A81-453C-9175-43B408C33135}.Release|Any CPU.Build.0 = Release|Any CPU
	EndGlobalSection
	GlobalSection(SolutionProperties) = preSolution
		HideSolutionNode = FALSE
	EndGlobalSection
	GlobalSection(ExtensibilityGlobals) = postSolution
		SolutionGuid = {C0490C19-4106-49FB-9E14-A4E1CEE5DC68}
	EndGlobalSection
EndGlobal
