
Microsoft Visual Studio Solution File, Format Version 12.00
# Visual Studio Version 17
VisualStudioVersion = 17.10.35013.160
MinimumVisualStudioVersion = 10.0.40219.1
Project("{FAE04EC0-301F-11D3-BF4B-00C04F79EFBC}") = "PaymentService", "PaymentService\PaymentService.csproj", "{1F79E846-928A-4958-94D6-8FC420893507}"
EndProject
Global
	GlobalSection(SolutionConfigurationPlatforms) = preSolution
		Debug|Any CPU = Debug|Any CPU
		Release|Any CPU = Release|Any CPU
	EndGlobalSection
	GlobalSection(ProjectConfigurationPlatforms) = postSolution
		{1F79E846-928A-4958-94D6-8FC420893507}.Debug|Any CPU.ActiveCfg = Debug|Any CPU
		{1F79E846-928A-4958-94D6-8FC420893507}.Debug|Any CPU.Build.0 = Debug|Any CPU
		{1F79E846-928A-4958-94D6-8FC420893507}.Release|Any CPU.ActiveCfg = Release|Any CPU
		{1F79E846-928A-4958-94D6-8FC420893507}.Release|Any CPU.Build.0 = Release|Any CPU
	EndGlobalSection
	GlobalSection(SolutionProperties) = preSolution
		HideSolutionNode = FALSE
	EndGlobalSection
	GlobalSection(ExtensibilityGlobals) = postSolution
		SolutionGuid = {F8FF9D61-0EE8-40F2-994E-5667823463A7}
	EndGlobalSection
EndGlobal
